%{"chronos": {:hex, :chronos, "1.5.1"},
  "cowboy": {:hex, :cowboy, "1.0.3"},
  "cowlib": {:hex, :cowlib, "1.0.1"},
  "earmark": {:hex, :earmark, "0.1.17"},
  "meck": {:hex, :meck, "0.8.3"},
  "mock": {:hex, :mock, "0.1.1"},
  "obelisk": {:git, "https://github.com/ckampfe/obelisk.git", "3a114b2d3e056d396c6fcfbd23a4e6d5ccd942e3", []},
  "plug": {:hex, :plug, "1.0.2"},
  "ranch": {:hex, :ranch, "1.1.0"},
  "rss": {:hex, :rss, "0.2.1"},
  "yamerl": {:git, "https://github.com/yakaz/yamerl.git", "ae810a808817d9482b4628ae3e20d746e3729fe0", []}}
